
Microsoft Visual Studio Solution File, Format Version 12.00
# Visual Studio 15
VisualStudioVersion = 15.0.27004.2006
MinimumVisualStudioVersion = 10.0.40219.1
Project("{FAE04EC0-301F-11D3-BF4B-00C04F79EFBC}") = "EyeCare.Android", "EyeCare\EyeCare.Android\EyeCare.Android.csproj", "{7F70A0B7-70C7-41D9-9193-3ABE6A208432}"
EndProject
Project("{FAE04EC0-301F-11D3-BF4B-00C04F79EFBC}") = "EyeCare.iOS", "EyeCare\EyeCare.iOS\EyeCare.iOS.csproj", "{41546BB9-9F57-4E47-8F39-4886BA9AC6F1}"
EndProject
Project("{9A19103F-16F7-4668-BE54-9A1E7A4F7556}") = "EyeCare", "EyeCare\EyeCare\EyeCare.csproj", "{6A4B137E-E7FD-41C0-9C7E-A62D72201061}"
EndProject
Project("{2150E333-8FDC-42A3-9474-1A3956D46DE8}") = "Backend", "Backend", "{2AD89D7E-554B-44DB-A156-1A81D390D569}"
EndProject
Project("{9A19103F-16F7-4668-BE54-9A1E7A4F7556}") = "EyeCare.Backend", "EyeCare.Backend\EyeCare.Backend.csproj", "{30583E3F-D669-4325-93E6-1154828FEB68}"
EndProject
Project("{FAE04EC0-301F-11D3-BF4B-00C04F79EFBC}") = "EyeCare.Shared", "EyeCare.Shared\EyeCare.Shared.csproj", "{ED69DA88-64F6-42A0-BA2E-479B2F0DC8F5}"
EndProject
Global
	GlobalSection(SolutionConfigurationPlatforms) = preSolution
		Ad-Hoc|Any CPU = Ad-Hoc|Any CPU
		Ad-Hoc|ARM = Ad-Hoc|ARM
		Ad-Hoc|iPhone = Ad-Hoc|iPhone
		Ad-Hoc|iPhoneSimulator = Ad-Hoc|iPhoneSimulator
		Ad-Hoc|x64 = Ad-Hoc|x64
		Ad-Hoc|x86 = Ad-Hoc|x86
		AppStore|Any CPU = AppStore|Any CPU
		AppStore|ARM = AppStore|ARM
		AppStore|iPhone = AppStore|iPhone
		AppStore|iPhoneSimulator = AppStore|iPhoneSimulator
		AppStore|x64 = AppStore|x64
		AppStore|x86 = AppStore|x86
		Debug|Any CPU = Debug|Any CPU
		Debug|ARM = Debug|ARM
		Debug|iPhone = Debug|iPhone
		Debug|iPhoneSimulator = Debug|iPhoneSimulator
		Debug|x64 = Debug|x64
		Debug|x86 = Debug|x86
		Release|Any CPU = Release|Any CPU
		Release|ARM = Release|ARM
		Release|iPhone = Release|iPhone
		Release|iPhoneSimulator = Release|iPhoneSimulator
		Release|x64 = Release|x64
		Release|x86 = Release|x86
	EndGlobalSection
	GlobalSection(ProjectConfigurationPlatforms) = postSolution
		{7F70A0B7-70C7-41D9-9193-3ABE6A208432}.Ad-Hoc|Any CPU.ActiveCfg = Release|Any CPU
		{7F70A0B7-70C7-41D9-9193-3ABE6A208432}.Ad-Hoc|Any CPU.Build.0 = Release|Any CPU
		{7F70A0B7-70C7-41D9-9193-3ABE6A208432}.Ad-Hoc|Any CPU.Deploy.0 = Release|Any CPU
		{7F70A0B7-70C7-41D9-9193-3ABE6A208432}.Ad-Hoc|ARM.ActiveCfg = Release|Any CPU
		{7F70A0B7-70C7-41D9-9193-3ABE6A208432}.Ad-Hoc|ARM.Build.0 = Release|Any CPU
		{7F70A0B7-70C7-41D9-9193-3ABE6A208432}.Ad-Hoc|ARM.Deploy.0 = Release|Any CPU
		{7F70A0B7-70C7-41D9-9193-3ABE6A208432}.Ad-Hoc|iPhone.ActiveCfg = Release|Any CPU
		{7F70A0B7-70C7-41D9-9193-3ABE6A208432}.Ad-Hoc|iPhone.Build.0 = Release|Any CPU
		{7F70A0B7-70C7-41D9-9193-3ABE6A208432}.Ad-Hoc|iPhone.Deploy.0 = Release|Any CPU
		{7F70A0B7-70C7-41D9-9193-3ABE6A208432}.Ad-Hoc|iPhoneSimulator.ActiveCfg = Release|Any CPU
		{7F70A0B7-70C7-41D9-9193-3ABE6A208432}.Ad-Hoc|iPhoneSimulator.Build.0 = Release|Any CPU
		{7F70A0B7-70C7-41D9-9193-3ABE6A208432}.Ad-Hoc|iPhoneSimulator.Deploy.0 = Release|Any CPU
		{7F70A0B7-70C7-41D9-9193-3ABE6A208432}.Ad-Hoc|x64.ActiveCfg = Release|Any CPU
		{7F70A0B7-70C7-41D9-9193-3ABE6A208432}.Ad-Hoc|x64.Build.0 = Release|Any CPU
		{7F70A0B7-70C7-41D9-9193-3ABE6A208432}.Ad-Hoc|x64.Deploy.0 = Release|Any CPU
		{7F70A0B7-70C7-41D9-9193-3ABE6A208432}.Ad-Hoc|x86.ActiveCfg = Release|Any CPU
		{7F70A0B7-70C7-41D9-9193-3ABE6A208432}.Ad-Hoc|x86.Build.0 = Release|Any CPU
		{7F70A0B7-70C7-41D9-9193-3ABE6A208432}.Ad-Hoc|x86.Deploy.0 = Release|Any CPU
		{7F70A0B7-70C7-41D9-9193-3ABE6A208432}.AppStore|Any CPU.ActiveCfg = Release|Any CPU
		{7F70A0B7-70C7-41D9-9193-3ABE6A208432}.AppStore|Any CPU.Build.0 = Release|Any CPU
		{7F70A0B7-70C7-41D9-9193-3ABE6A208432}.AppStore|Any CPU.Deploy.0 = Release|Any CPU
		{7F70A0B7-70C7-41D9-9193-3ABE6A208432}.AppStore|ARM.ActiveCfg = Release|Any CPU
		{7F70A0B7-70C7-41D9-9193-3ABE6A208432}.AppStore|ARM.Build.0 = Release|Any CPU
		{7F70A0B7-70C7-41D9-9193-3ABE6A208432}.AppStore|ARM.Deploy.0 = Release|Any CPU
		{7F70A0B7-70C7-41D9-9193-3ABE6A208432}.AppStore|iPhone.ActiveCfg = Release|Any CPU
		{7F70A0B7-70C7-41D9-9193-3ABE6A208432}.AppStore|iPhone.Build.0 = Release|Any CPU
		{7F70A0B7-70C7-41D9-9193-3ABE6A208432}.AppStore|iPhone.Deploy.0 = Release|Any CPU
		{7F70A0B7-70C7-41D9-9193-3ABE6A208432}.AppStore|iPhoneSimulator.ActiveCfg = Release|Any CPU
		{7F70A0B7-70C7-41D9-9193-3ABE6A208432}.AppStore|iPhoneSimulator.Build.0 = Release|Any CPU
		{7F70A0B7-70C7-41D9-9193-3ABE6A208432}.AppStore|iPhoneSimulator.Deploy.0 = Release|Any CPU
		{7F70A0B7-70C7-41D9-9193-3ABE6A208432}.AppStore|x64.ActiveCfg = Release|Any CPU
		{7F70A0B7-70C7-41D9-9193-3ABE6A208432}.AppStore|x64.Build.0 = Release|Any CPU
		{7F70A0B7-70C7-41D9-9193-3ABE6A208432}.AppStore|x64.Deploy.0 = Release|Any CPU
		{7F70A0B7-70C7-41D9-9193-3ABE6A208432}.AppStore|x86.ActiveCfg = Release|Any CPU
		{7F70A0B7-70C7-41D9-9193-3ABE6A208432}.AppStore|x86.Build.0 = Release|Any CPU
		{7F70A0B7-70C7-41D9-9193-3ABE6A208432}.AppStore|x86.Deploy.0 = Release|Any CPU
		{7F70A0B7-70C7-41D9-9193-3ABE6A208432}.Debug|Any CPU.ActiveCfg = Debug|Any CPU
		{7F70A0B7-70C7-41D9-9193-3ABE6A208432}.Debug|Any CPU.Build.0 = Debug|Any CPU
		{7F70A0B7-70C7-41D9-9193-3ABE6A208432}.Debug|Any CPU.Deploy.0 = Debug|Any CPU
		{7F70A0B7-70C7-41D9-9193-3ABE6A208432}.Debug|ARM.ActiveCfg = Debug|Any CPU
		{7F70A0B7-70C7-41D9-9193-3ABE6A208432}.Debug|ARM.Build.0 = Debug|Any CPU
		{7F70A0B7-70C7-41D9-9193-3ABE6A208432}.Debug|ARM.Deploy.0 = Debug|Any CPU
		{7F70A0B7-70C7-41D9-9193-3ABE6A208432}.Debug|iPhone.ActiveCfg = Debug|Any CPU
		{7F70A0B7-70C7-41D9-9193-3ABE6A208432}.Debug|iPhone.Build.0 = Debug|Any CPU
		{7F70A0B7-70C7-41D9-9193-3ABE6A208432}.Debug|iPhone.Deploy.0 = Debug|Any CPU
		{7F70A0B7-70C7-41D9-9193-3ABE6A208432}.Debug|iPhoneSimulator.ActiveCfg = Debug|Any CPU
		{7F70A0B7-70C7-41D9-9193-3ABE6A208432}.Debug|iPhoneSimulator.Build.0 = Debug|Any CPU
		{7F70A0B7-70C7-41D9-9193-3ABE6A208432}.Debug|iPhoneSimulator.Deploy.0 = Debug|Any CPU
		{7F70A0B7-70C7-41D9-9193-3ABE6A208432}.Debug|x64.ActiveCfg = Debug|Any CPU
		{7F70A0B7-70C7-41D9-9193-3ABE6A208432}.Debug|x64.Build.0 = Debug|Any CPU
		{7F70A0B7-70C7-41D9-9193-3ABE6A208432}.Debug|x64.Deploy.0 = Debug|Any CPU
		{7F70A0B7-70C7-41D9-9193-3ABE6A208432}.Debug|x86.ActiveCfg = Debug|Any CPU
		{7F70A0B7-70C7-41D9-9193-3ABE6A208432}.Debug|x86.Build.0 = Debug|Any CPU
		{7F70A0B7-70C7-41D9-9193-3ABE6A208432}.Debug|x86.Deploy.0 = Debug|Any CPU
		{7F70A0B7-70C7-41D9-9193-3ABE6A208432}.Release|Any CPU.ActiveCfg = Release|Any CPU
		{7F70A0B7-70C7-41D9-9193-3ABE6A208432}.Release|Any CPU.Build.0 = Release|Any CPU
		{7F70A0B7-70C7-41D9-9193-3ABE6A208432}.Release|Any CPU.Deploy.0 = Release|Any CPU
		{7F70A0B7-70C7-41D9-9193-3ABE6A208432}.Release|ARM.ActiveCfg = Release|Any CPU
		{7F70A0B7-70C7-41D9-9193-3ABE6A208432}.Release|ARM.Build.0 = Release|Any CPU
		{7F70A0B7-70C7-41D9-9193-3ABE6A208432}.Release|ARM.Deploy.0 = Release|Any CPU
		{7F70A0B7-70C7-41D9-9193-3ABE6A208432}.Release|iPhone.ActiveCfg = Release|Any CPU
		{7F70A0B7-70C7-41D9-9193-3ABE6A208432}.Release|iPhone.Build.0 = Release|Any CPU
		{7F70A0B7-70C7-41D9-9193-3ABE6A208432}.Release|iPhone.Deploy.0 = Release|Any CPU
		{7F70A0B7-70C7-41D9-9193-3ABE6A208432}.Release|iPhoneSimulator.ActiveCfg = Release|Any CPU
		{7F70A0B7-70C7-41D9-9193-3ABE6A208432}.Release|iPhoneSimulator.Build.0 = Release|Any CPU
		{7F70A0B7-70C7-41D9-9193-3ABE6A208432}.Release|iPhoneSimulator.Deploy.0 = Release|Any CPU
		{7F70A0B7-70C7-41D9-9193-3ABE6A208432}.Release|x64.ActiveCfg = Release|Any CPU
		{7F70A0B7-70C7-41D9-9193-3ABE6A208432}.Release|x64.Build.0 = Release|Any CPU
		{7F70A0B7-70C7-41D9-9193-3ABE6A208432}.Release|x64.Deploy.0 = Release|Any CPU
		{7F70A0B7-70C7-41D9-9193-3ABE6A208432}.Release|x86.ActiveCfg = Release|Any CPU
		{7F70A0B7-70C7-41D9-9193-3ABE6A208432}.Release|x86.Build.0 = Release|Any CPU
		{7F70A0B7-70C7-41D9-9193-3ABE6A208432}.Release|x86.Deploy.0 = Release|Any CPU
		{41546BB9-9F57-4E47-8F39-4886BA9AC6F1}.Ad-Hoc|Any CPU.ActiveCfg = Ad-Hoc|iPhoneSimulator
		{41546BB9-9F57-4E47-8F39-4886BA9AC6F1}.Ad-Hoc|ARM.ActiveCfg = Ad-Hoc|iPhone
		{41546BB9-9F57-4E47-8F39-4886BA9AC6F1}.Ad-Hoc|iPhone.ActiveCfg = Ad-Hoc|iPhone
		{41546BB9-9F57-4E47-8F39-4886BA9AC6F1}.Ad-Hoc|iPhone.Build.0 = Ad-Hoc|iPhone
		{41546BB9-9F57-4E47-8F39-4886BA9AC6F1}.Ad-Hoc|iPhoneSimulator.ActiveCfg = Ad-Hoc|iPhoneSimulator
		{41546BB9-9F57-4E47-8F39-4886BA9AC6F1}.Ad-Hoc|iPhoneSimulator.Build.0 = Ad-Hoc|iPhoneSimulator
		{41546BB9-9F57-4E47-8F39-4886BA9AC6F1}.Ad-Hoc|x64.ActiveCfg = Ad-Hoc|iPhone
		{41546BB9-9F57-4E47-8F39-4886BA9AC6F1}.Ad-Hoc|x86.ActiveCfg = Ad-Hoc|iPhone
		{41546BB9-9F57-4E47-8F39-4886BA9AC6F1}.AppStore|Any CPU.ActiveCfg = AppStore|iPhoneSimulator
		{41546BB9-9F57-4E47-8F39-4886BA9AC6F1}.AppStore|ARM.ActiveCfg = AppStore|iPhone
		{41546BB9-9F57-4E47-8F39-4886BA9AC6F1}.AppStore|iPhone.ActiveCfg = AppStore|iPhone
		{41546BB9-9F57-4E47-8F39-4886BA9AC6F1}.AppStore|iPhone.Build.0 = AppStore|iPhone
		{41546BB9-9F57-4E47-8F39-4886BA9AC6F1}.AppStore|iPhoneSimulator.ActiveCfg = AppStore|iPhoneSimulator
		{41546BB9-9F57-4E47-8F39-4886BA9AC6F1}.AppStore|iPhoneSimulator.Build.0 = AppStore|iPhoneSimulator
		{41546BB9-9F57-4E47-8F39-4886BA9AC6F1}.AppStore|x64.ActiveCfg = AppStore|iPhone
		{41546BB9-9F57-4E47-8F39-4886BA9AC6F1}.AppStore|x86.ActiveCfg = AppStore|iPhone
		{41546BB9-9F57-4E47-8F39-4886BA9AC6F1}.Debug|Any CPU.ActiveCfg = Debug|iPhoneSimulator
		{41546BB9-9F57-4E47-8F39-4886BA9AC6F1}.Debug|ARM.ActiveCfg = Debug|iPhone
		{41546BB9-9F57-4E47-8F39-4886BA9AC6F1}.Debug|iPhone.ActiveCfg = Debug|iPhone
		{41546BB9-9F57-4E47-8F39-4886BA9AC6F1}.Debug|iPhone.Build.0 = Debug|iPhone
		{41546BB9-9F57-4E47-8F39-4886BA9AC6F1}.Debug|iPhoneSimulator.ActiveCfg = Debug|iPhoneSimulator
		{41546BB9-9F57-4E47-8F39-4886BA9AC6F1}.Debug|iPhoneSimulator.Build.0 = Debug|iPhoneSimulator
		{41546BB9-9F57-4E47-8F39-4886BA9AC6F1}.Debug|x64.ActiveCfg = Debug|iPhone
		{41546BB9-9F57-4E47-8F39-4886BA9AC6F1}.Debug|x86.ActiveCfg = Debug|iPhone
		{41546BB9-9F57-4E47-8F39-4886BA9AC6F1}.Release|Any CPU.ActiveCfg = Release|iPhoneSimulator
		{41546BB9-9F57-4E47-8F39-4886BA9AC6F1}.Release|ARM.ActiveCfg = Release|iPhone
		{41546BB9-9F57-4E47-8F39-4886BA9AC6F1}.Release|iPhone.ActiveCfg = Release|iPhone
		{41546BB9-9F57-4E47-8F39-4886BA9AC6F1}.Release|iPhone.Build.0 = Release|iPhone
		{41546BB9-9F57-4E47-8F39-4886BA9AC6F1}.Release|iPhoneSimulator.ActiveCfg = Release|iPhoneSimulator
		{41546BB9-9F57-4E47-8F39-4886BA9AC6F1}.Release|iPhoneSimulator.Build.0 = Release|iPhoneSimulator
		{41546BB9-9F57-4E47-8F39-4886BA9AC6F1}.Release|x64.ActiveCfg = Release|iPhone
		{41546BB9-9F57-4E47-8F39-4886BA9AC6F1}.Release|x86.ActiveCfg = Release|iPhone
		{6A4B137E-E7FD-41C0-9C7E-A62D72201061}.Ad-Hoc|Any CPU.ActiveCfg = Debug|Any CPU
		{6A4B137E-E7FD-41C0-9C7E-A62D72201061}.Ad-Hoc|Any CPU.Build.0 = Debug|Any CPU
		{6A4B137E-E7FD-41C0-9C7E-A62D72201061}.Ad-Hoc|ARM.ActiveCfg = Debug|Any CPU
		{6A4B137E-E7FD-41C0-9C7E-A62D72201061}.Ad-Hoc|ARM.Build.0 = Debug|Any CPU
		{6A4B137E-E7FD-41C0-9C7E-A62D72201061}.Ad-Hoc|iPhone.ActiveCfg = Debug|Any CPU
		{6A4B137E-E7FD-41C0-9C7E-A62D72201061}.Ad-Hoc|iPhone.Build.0 = Debug|Any CPU
		{6A4B137E-E7FD-41C0-9C7E-A62D72201061}.Ad-Hoc|iPhoneSimulator.ActiveCfg = Debug|Any CPU
		{6A4B137E-E7FD-41C0-9C7E-A62D72201061}.Ad-Hoc|iPhoneSimulator.Build.0 = Debug|Any CPU
		{6A4B137E-E7FD-41C0-9C7E-A62D72201061}.Ad-Hoc|x64.ActiveCfg = Debug|Any CPU
		{6A4B137E-E7FD-41C0-9C7E-A62D72201061}.Ad-Hoc|x64.Build.0 = Debug|Any CPU
		{6A4B137E-E7FD-41C0-9C7E-A62D72201061}.Ad-Hoc|x86.ActiveCfg = Debug|Any CPU
		{6A4B137E-E7FD-41C0-9C7E-A62D72201061}.Ad-Hoc|x86.Build.0 = Debug|Any CPU
		{6A4B137E-E7FD-41C0-9C7E-A62D72201061}.AppStore|Any CPU.ActiveCfg = Debug|Any CPU
		{6A4B137E-E7FD-41C0-9C7E-A62D72201061}.AppStore|Any CPU.Build.0 = Debug|Any CPU
		{6A4B137E-E7FD-41C0-9C7E-A62D72201061}.AppStore|ARM.ActiveCfg = Debug|Any CPU
		{6A4B137E-E7FD-41C0-9C7E-A62D72201061}.AppStore|ARM.Build.0 = Debug|Any CPU
		{6A4B137E-E7FD-41C0-9C7E-A62D72201061}.AppStore|iPhone.ActiveCfg = Debug|Any CPU
		{6A4B137E-E7FD-41C0-9C7E-A62D72201061}.AppStore|iPhone.Build.0 = Debug|Any CPU
		{6A4B137E-E7FD-41C0-9C7E-A62D72201061}.AppStore|iPhoneSimulator.ActiveCfg = Debug|Any CPU
		{6A4B137E-E7FD-41C0-9C7E-A62D72201061}.AppStore|iPhoneSimulator.Build.0 = Debug|Any CPU
		{6A4B137E-E7FD-41C0-9C7E-A62D72201061}.AppStore|x64.ActiveCfg = Debug|Any CPU
		{6A4B137E-E7FD-41C0-9C7E-A62D72201061}.AppStore|x64.Build.0 = Debug|Any CPU
		{6A4B137E-E7FD-41C0-9C7E-A62D72201061}.AppStore|x86.ActiveCfg = Debug|Any CPU
		{6A4B137E-E7FD-41C0-9C7E-A62D72201061}.AppStore|x86.Build.0 = Debug|Any CPU
		{6A4B137E-E7FD-41C0-9C7E-A62D72201061}.Debug|Any CPU.ActiveCfg = Debug|Any CPU
		{6A4B137E-E7FD-41C0-9C7E-A62D72201061}.Debug|Any CPU.Build.0 = Debug|Any CPU
		{6A4B137E-E7FD-41C0-9C7E-A62D72201061}.Debug|ARM.ActiveCfg = Debug|Any CPU
		{6A4B137E-E7FD-41C0-9C7E-A62D72201061}.Debug|ARM.Build.0 = Debug|Any CPU
		{6A4B137E-E7FD-41C0-9C7E-A62D72201061}.Debug|iPhone.ActiveCfg = Debug|Any CPU
		{6A4B137E-E7FD-41C0-9C7E-A62D72201061}.Debug|iPhone.Build.0 = Debug|Any CPU
		{6A4B137E-E7FD-41C0-9C7E-A62D72201061}.Debug|iPhoneSimulator.ActiveCfg = Debug|Any CPU
		{6A4B137E-E7FD-41C0-9C7E-A62D72201061}.Debug|iPhoneSimulator.Build.0 = Debug|Any CPU
		{6A4B137E-E7FD-41C0-9C7E-A62D72201061}.Debug|x64.ActiveCfg = Debug|Any CPU
		{6A4B137E-E7FD-41C0-9C7E-A62D72201061}.Debug|x64.Build.0 = Debug|Any CPU
		{6A4B137E-E7FD-41C0-9C7E-A62D72201061}.Debug|x86.ActiveCfg = Debug|Any CPU
		{6A4B137E-E7FD-41C0-9C7E-A62D72201061}.Debug|x86.Build.0 = Debug|Any CPU
		{6A4B137E-E7FD-41C0-9C7E-A62D72201061}.Release|Any CPU.ActiveCfg = Release|Any CPU
		{6A4B137E-E7FD-41C0-9C7E-A62D72201061}.Release|Any CPU.Build.0 = Release|Any CPU
		{6A4B137E-E7FD-41C0-9C7E-A62D72201061}.Release|ARM.ActiveCfg = Release|Any CPU
		{6A4B137E-E7FD-41C0-9C7E-A62D72201061}.Release|ARM.Build.0 = Release|Any CPU
		{6A4B137E-E7FD-41C0-9C7E-A62D72201061}.Release|iPhone.ActiveCfg = Release|Any CPU
		{6A4B137E-E7FD-41C0-9C7E-A62D72201061}.Release|iPhone.Build.0 = Release|Any CPU
		{6A4B137E-E7FD-41C0-9C7E-A62D72201061}.Release|iPhoneSimulator.ActiveCfg = Release|Any CPU
		{6A4B137E-E7FD-41C0-9C7E-A62D72201061}.Release|iPhoneSimulator.Build.0 = Release|Any CPU
		{6A4B137E-E7FD-41C0-9C7E-A62D72201061}.Release|x64.ActiveCfg = Release|Any CPU
		{6A4B137E-E7FD-41C0-9C7E-A62D72201061}.Release|x64.Build.0 = Release|Any CPU
		{6A4B137E-E7FD-41C0-9C7E-A62D72201061}.Release|x86.ActiveCfg = Release|Any CPU
		{6A4B137E-E7FD-41C0-9C7E-A62D72201061}.Release|x86.Build.0 = Release|Any CPU
		{30583E3F-D669-4325-93E6-1154828FEB68}.Ad-Hoc|Any CPU.ActiveCfg = Debug|Any CPU
		{30583E3F-D669-4325-93E6-1154828FEB68}.Ad-Hoc|Any CPU.Build.0 = Debug|Any CPU
		{30583E3F-D669-4325-93E6-1154828FEB68}.Ad-Hoc|ARM.ActiveCfg = Debug|Any CPU
		{30583E3F-D669-4325-93E6-1154828FEB68}.Ad-Hoc|ARM.Build.0 = Debug|Any CPU
		{30583E3F-D669-4325-93E6-1154828FEB68}.Ad-Hoc|iPhone.ActiveCfg = Debug|Any CPU
		{30583E3F-D669-4325-93E6-1154828FEB68}.Ad-Hoc|iPhone.Build.0 = Debug|Any CPU
		{30583E3F-D669-4325-93E6-1154828FEB68}.Ad-Hoc|iPhoneSimulator.ActiveCfg = Debug|Any CPU
		{30583E3F-D669-4325-93E6-1154828FEB68}.Ad-Hoc|iPhoneSimulator.Build.0 = Debug|Any CPU
		{30583E3F-D669-4325-93E6-1154828FEB68}.Ad-Hoc|x64.ActiveCfg = Debug|Any CPU
		{30583E3F-D669-4325-93E6-1154828FEB68}.Ad-Hoc|x64.Build.0 = Debug|Any CPU
		{30583E3F-D669-4325-93E6-1154828FEB68}.Ad-Hoc|x86.ActiveCfg = Debug|Any CPU
		{30583E3F-D669-4325-93E6-1154828FEB68}.Ad-Hoc|x86.Build.0 = Debug|Any CPU
		{30583E3F-D669-4325-93E6-1154828FEB68}.AppStore|Any CPU.ActiveCfg = Debug|Any CPU
		{30583E3F-D669-4325-93E6-1154828FEB68}.AppStore|Any CPU.Build.0 = Debug|Any CPU
		{30583E3F-D669-4325-93E6-1154828FEB68}.AppStore|ARM.ActiveCfg = Debug|Any CPU
		{30583E3F-D669-4325-93E6-1154828FEB68}.AppStore|ARM.Build.0 = Debug|Any CPU
		{30583E3F-D669-4325-93E6-1154828FEB68}.AppStore|iPhone.ActiveCfg = Debug|Any CPU
		{30583E3F-D669-4325-93E6-1154828FEB68}.AppStore|iPhone.Build.0 = Debug|Any CPU
		{30583E3F-D669-4325-93E6-1154828FEB68}.AppStore|iPhoneSimulator.ActiveCfg = Debug|Any CPU
		{30583E3F-D669-4325-93E6-1154828FEB68}.AppStore|iPhoneSimulator.Build.0 = Debug|Any CPU
		{30583E3F-D669-4325-93E6-1154828FEB68}.AppStore|x64.ActiveCfg = Debug|Any CPU
		{30583E3F-D669-4325-93E6-1154828FEB68}.AppStore|x64.Build.0 = Debug|Any CPU
		{30583E3F-D669-4325-93E6-1154828FEB68}.AppStore|x86.ActiveCfg = Debug|Any CPU
		{30583E3F-D669-4325-93E6-1154828FEB68}.AppStore|x86.Build.0 = Debug|Any CPU
		{30583E3F-D669-4325-93E6-1154828FEB68}.Debug|Any CPU.ActiveCfg = Debug|Any CPU
		{30583E3F-D669-4325-93E6-1154828FEB68}.Debug|Any CPU.Build.0 = Debug|Any CPU
		{30583E3F-D669-4325-93E6-1154828FEB68}.Debug|ARM.ActiveCfg = Debug|Any CPU
		{30583E3F-D669-4325-93E6-1154828FEB68}.Debug|ARM.Build.0 = Debug|Any CPU
		{30583E3F-D669-4325-93E6-1154828FEB68}.Debug|iPhone.ActiveCfg = Debug|Any CPU
		{30583E3F-D669-4325-93E6-1154828FEB68}.Debug|iPhone.Build.0 = Debug|Any CPU
		{30583E3F-D669-4325-93E6-1154828FEB68}.Debug|iPhoneSimulator.ActiveCfg = Debug|Any CPU
		{30583E3F-D669-4325-93E6-1154828FEB68}.Debug|iPhoneSimulator.Build.0 = Debug|Any CPU
		{30583E3F-D669-4325-93E6-1154828FEB68}.Debug|x64.ActiveCfg = Debug|Any CPU
		{30583E3F-D669-4325-93E6-1154828FEB68}.Debug|x64.Build.0 = Debug|Any CPU
		{30583E3F-D669-4325-93E6-1154828FEB68}.Debug|x86.ActiveCfg = Debug|Any CPU
		{30583E3F-D669-4325-93E6-1154828FEB68}.Debug|x86.Build.0 = Debug|Any CPU
		{30583E3F-D669-4325-93E6-1154828FEB68}.Release|Any CPU.ActiveCfg = Release|Any CPU
		{30583E3F-D669-4325-93E6-1154828FEB68}.Release|Any CPU.Build.0 = Release|Any CPU
		{30583E3F-D669-4325-93E6-1154828FEB68}.Release|ARM.ActiveCfg = Release|Any CPU
		{30583E3F-D669-4325-93E6-1154828FEB68}.Release|ARM.Build.0 = Release|Any CPU
		{30583E3F-D669-4325-93E6-1154828FEB68}.Release|iPhone.ActiveCfg = Release|Any CPU
		{30583E3F-D669-4325-93E6-1154828FEB68}.Release|iPhone.Build.0 = Release|Any CPU
		{30583E3F-D669-4325-93E6-1154828FEB68}.Release|iPhoneSimulator.ActiveCfg = Release|Any CPU
		{30583E3F-D669-4325-93E6-1154828FEB68}.Release|iPhoneSimulator.Build.0 = Release|Any CPU
		{30583E3F-D669-4325-93E6-1154828FEB68}.Release|x64.ActiveCfg = Release|Any CPU
		{30583E3F-D669-4325-93E6-1154828FEB68}.Release|x64.Build.0 = Release|Any CPU
		{30583E3F-D669-4325-93E6-1154828FEB68}.Release|x86.ActiveCfg = Release|Any CPU
		{30583E3F-D669-4325-93E6-1154828FEB68}.Release|x86.Build.0 = Release|Any CPU
		{ED69DA88-64F6-42A0-BA2E-479B2F0DC8F5}.Ad-Hoc|Any CPU.ActiveCfg = Debug|Any CPU
		{ED69DA88-64F6-42A0-BA2E-479B2F0DC8F5}.Ad-Hoc|Any CPU.Build.0 = Debug|Any CPU
		{ED69DA88-64F6-42A0-BA2E-479B2F0DC8F5}.Ad-Hoc|ARM.ActiveCfg = Debug|Any CPU
		{ED69DA88-64F6-42A0-BA2E-479B2F0DC8F5}.Ad-Hoc|ARM.Build.0 = Debug|Any CPU
		{ED69DA88-64F6-42A0-BA2E-479B2F0DC8F5}.Ad-Hoc|iPhone.ActiveCfg = Debug|Any CPU
		{ED69DA88-64F6-42A0-BA2E-479B2F0DC8F5}.Ad-Hoc|iPhone.Build.0 = Debug|Any CPU
		{ED69DA88-64F6-42A0-BA2E-479B2F0DC8F5}.Ad-Hoc|iPhoneSimulator.ActiveCfg = Debug|Any CPU
		{ED69DA88-64F6-42A0-BA2E-479B2F0DC8F5}.Ad-Hoc|iPhoneSimulator.Build.0 = Debug|Any CPU
		{ED69DA88-64F6-42A0-BA2E-479B2F0DC8F5}.Ad-Hoc|x64.ActiveCfg = Debug|Any CPU
		{ED69DA88-64F6-42A0-BA2E-479B2F0DC8F5}.Ad-Hoc|x64.Build.0 = Debug|Any CPU
		{ED69DA88-64F6-42A0-BA2E-479B2F0DC8F5}.Ad-Hoc|x86.ActiveCfg = Debug|Any CPU
		{ED69DA88-64F6-42A0-BA2E-479B2F0DC8F5}.Ad-Hoc|x86.Build.0 = Debug|Any CPU
		{ED69DA88-64F6-42A0-BA2E-479B2F0DC8F5}.AppStore|Any CPU.ActiveCfg = Debug|Any CPU
		{ED69DA88-64F6-42A0-BA2E-479B2F0DC8F5}.AppStore|Any CPU.Build.0 = Debug|Any CPU
		{ED69DA88-64F6-42A0-BA2E-479B2F0DC8F5}.AppStore|ARM.ActiveCfg = Debug|Any CPU
		{ED69DA88-64F6-42A0-BA2E-479B2F0DC8F5}.AppStore|ARM.Build.0 = Debug|Any CPU
		{ED69DA88-64F6-42A0-BA2E-479B2F0DC8F5}.AppStore|iPhone.ActiveCfg = Debug|Any CPU
		{ED69DA88-64F6-42A0-BA2E-479B2F0DC8F5}.AppStore|iPhone.Build.0 = Debug|Any CPU
		{ED69DA88-64F6-42A0-BA2E-479B2F0DC8F5}.AppStore|iPhoneSimulator.ActiveCfg = Debug|Any CPU
		{ED69DA88-64F6-42A0-BA2E-479B2F0DC8F5}.AppStore|iPhoneSimulator.Build.0 = Debug|Any CPU
		{ED69DA88-64F6-42A0-BA2E-479B2F0DC8F5}.AppStore|x64.ActiveCfg = Debug|Any CPU
		{ED69DA88-64F6-42A0-BA2E-479B2F0DC8F5}.AppStore|x64.Build.0 = Debug|Any CPU
		{ED69DA88-64F6-42A0-BA2E-479B2F0DC8F5}.AppStore|x86.ActiveCfg = Debug|Any CPU
		{ED69DA88-64F6-42A0-BA2E-479B2F0DC8F5}.AppStore|x86.Build.0 = Debug|Any CPU
		{ED69DA88-64F6-42A0-BA2E-479B2F0DC8F5}.Debug|Any CPU.ActiveCfg = Debug|Any CPU
		{ED69DA88-64F6-42A0-BA2E-479B2F0DC8F5}.Debug|Any CPU.Build.0 = Debug|Any CPU
		{ED69DA88-64F6-42A0-BA2E-479B2F0DC8F5}.Debug|ARM.ActiveCfg = Debug|Any CPU
		{ED69DA88-64F6-42A0-BA2E-479B2F0DC8F5}.Debug|ARM.Build.0 = Debug|Any CPU
		{ED69DA88-64F6-42A0-BA2E-479B2F0DC8F5}.Debug|iPhone.ActiveCfg = Debug|Any CPU
		{ED69DA88-64F6-42A0-BA2E-479B2F0DC8F5}.Debug|iPhone.Build.0 = Debug|Any CPU
		{ED69DA88-64F6-42A0-BA2E-479B2F0DC8F5}.Debug|iPhoneSimulator.ActiveCfg = Debug|Any CPU
		{ED69DA88-64F6-42A0-BA2E-479B2F0DC8F5}.Debug|iPhoneSimulator.Build.0 = Debug|Any CPU
		{ED69DA88-64F6-42A0-BA2E-479B2F0DC8F5}.Debug|x64.ActiveCfg = Debug|Any CPU
		{ED69DA88-64F6-42A0-BA2E-479B2F0DC8F5}.Debug|x64.Build.0 = Debug|Any CPU
		{ED69DA88-64F6-42A0-BA2E-479B2F0DC8F5}.Debug|x86.ActiveCfg = Debug|Any CPU
		{ED69DA88-64F6-42A0-BA2E-479B2F0DC8F5}.Debug|x86.Build.0 = Debug|Any CPU
		{ED69DA88-64F6-42A0-BA2E-479B2F0DC8F5}.Release|Any CPU.ActiveCfg = Release|Any CPU
		{ED69DA88-64F6-42A0-BA2E-479B2F0DC8F5}.Release|Any CPU.Build.0 = Release|Any CPU
		{ED69DA88-64F6-42A0-BA2E-479B2F0DC8F5}.Release|ARM.ActiveCfg = Release|Any CPU
		{ED69DA88-64F6-42A0-BA2E-479B2F0DC8F5}.Release|ARM.Build.0 = Release|Any CPU
		{ED69DA88-64F6-42A0-BA2E-479B2F0DC8F5}.Release|iPhone.ActiveCfg = Release|Any CPU
		{ED69DA88-64F6-42A0-BA2E-479B2F0DC8F5}.Release|iPhone.Build.0 = Release|Any CPU
		{ED69DA88-64F6-42A0-BA2E-479B2F0DC8F5}.Release|iPhoneSimulator.ActiveCfg = Release|Any CPU
		{ED69DA88-64F6-42A0-BA2E-479B2F0DC8F5}.Release|iPhoneSimulator.Build.0 = Release|Any CPU
		{ED69DA88-64F6-42A0-BA2E-479B2F0DC8F5}.Release|x64.ActiveCfg = Release|Any CPU
		{ED69DA88-64F6-42A0-BA2E-479B2F0DC8F5}.Release|x64.Build.0 = Release|Any CPU
		{ED69DA88-64F6-42A0-BA2E-479B2F0DC8F5}.Release|x86.ActiveCfg = Release|Any CPU
		{ED69DA88-64F6-42A0-BA2E-479B2F0DC8F5}.Release|x86.Build.0 = Release|Any CPU
	EndGlobalSection
	GlobalSection(SolutionProperties) = preSolution
		HideSolutionNode = FALSE
	EndGlobalSection
	GlobalSection(NestedProjects) = preSolution
		{30583E3F-D669-4325-93E6-1154828FEB68} = {2AD89D7E-554B-44DB-A156-1A81D390D569}
	EndGlobalSection
	GlobalSection(ExtensibilityGlobals) = postSolution
		SolutionGuid = {71EAD886-7D30-40AE-B1C3-55008AC3E315}
	EndGlobalSection
EndGlobal
